
Microsoft Visual Studio Solution File, Format Version 12.00
# Visual Studio 2013
VisualStudioVersion = 12.0.31101.0
MinimumVisualStudioVersion = 10.0.40219.1
Project("{FAE04EC0-301F-11D3-BF4B-00C04F79EFBC}") = "WsFederationPlugin", "WsFederationPlugin\WsFederationPlugin.csproj", "{4C93CD29-54C0-43CC-BF45-68E0DEC91CAA}"
EndProject
Project("{2150E333-8FDC-42A3-9474-1A3956D46DE8}") = ".nuget", ".nuget", "{971FFD08-9CFA-4107-8C5C-AC4F2263CA90}"
	ProjectSection(SolutionItems) = preProject
		.nuget\packages.config = .nuget\packages.config
	EndProjectSection
EndProject
Project("{FAE04EC0-301F-11D3-BF4B-00C04F79EFBC}") = "Host", "Host\Host.csproj", "{B89B4EB0-39BE-4425-9AA7-EFD94E6649E3}"
EndProject
Global
	GlobalSection(SolutionConfigurationPlatforms) = preSolution
		Debug|Any CPU = Debug|Any CPU
		Release|Any CPU = Release|Any CPU
	EndGlobalSection
	GlobalSection(ProjectConfigurationPlatforms) = postSolution
		{4C93CD29-54C0-43CC-BF45-68E0DEC91CAA}.Debug|Any CPU.ActiveCfg = Debug|Any CPU
		{4C93CD29-54C0-43CC-BF45-68E0DEC91CAA}.Debug|Any CPU.Build.0 = Debug|Any CPU
		{4C93CD29-54C0-43CC-BF45-68E0DEC91CAA}.Release|Any CPU.ActiveCfg = Release|Any CPU
		{4C93CD29-54C0-43CC-BF45-68E0DEC91CAA}.Release|Any CPU.Build.0 = Release|Any CPU
		{B89B4EB0-39BE-4425-9AA7-EFD94E6649E3}.Debug|Any CPU.ActiveCfg = Debug|Any CPU
		{B89B4EB0-39BE-4425-9AA7-EFD94E6649E3}.Debug|Any CPU.Build.0 = Debug|Any CPU
		{B89B4EB0-39BE-4425-9AA7-EFD94E6649E3}.Release|Any CPU.ActiveCfg = Release|Any CPU
		{B89B4EB0-39BE-4425-9AA7-EFD94E6649E3}.Release|Any CPU.Build.0 = Release|Any CPU
	EndGlobalSection
	GlobalSection(SolutionProperties) = preSolution
		HideSolutionNode = FALSE
	EndGlobalSection
EndGlobal
